
Microsoft Visual Studio Solution File, Format Version 12.00
# Visual Studio 15
VisualStudioVersion = 15.0.26823.1
MinimumVisualStudioVersion = 10.0.40219.1
Project("{FAE04EC0-301F-11D3-BF4B-00C04F79EFBC}") = "DMS Viewer", "DMS Viewer\DMS Viewer.csproj", "{1D29CD27-3EBD-4B93-945A-9EE9F0D72D20}"
EndProject
Project("{FAE04EC0-301F-11D3-BF4B-00C04F79EFBC}") = "DMSLib", "DMSLib\DMSLib.csproj", "{008C8F3F-EF1B-48C1-A670-9A71CCADCD11}"
EndProject
Global
	GlobalSection(SolutionConfigurationPlatforms) = preSolution
		Debug|Any CPU = Debug|Any CPU
		Release|Any CPU = Release|Any CPU
	EndGlobalSection
	GlobalSection(ProjectConfigurationPlatforms) = postSolution
		{1D29CD27-3EBD-4B93-945A-9EE9F0D72D20}.Debug|Any CPU.ActiveCfg = Debug|Any CPU
		{1D29CD27-3EBD-4B93-945A-9EE9F0D72D20}.Debug|Any CPU.Build.0 = Debug|Any CPU
		{1D29CD27-3EBD-4B93-945A-9EE9F0D72D20}.Release|Any CPU.ActiveCfg = Release|Any CPU
		{1D29CD27-3EBD-4B93-945A-9EE9F0D72D20}.Release|Any CPU.Build.0 = Release|Any CPU
		{008C8F3F-EF1B-48C1-A670-9A71CCADCD11}.Debug|Any CPU.ActiveCfg = Debug|Any CPU
		{008C8F3F-EF1B-48C1-A670-9A71CCADCD11}.Debug|Any CPU.Build.0 = Debug|Any CPU
		{008C8F3F-EF1B-48C1-A670-9A71CCADCD11}.Release|Any CPU.ActiveCfg = Release|Any CPU
		{008C8F3F-EF1B-48C1-A670-9A71CCADCD11}.Release|Any CPU.Build.0 = Release|Any CPU
	EndGlobalSection
	GlobalSection(SolutionProperties) = preSolution
		HideSolutionNode = FALSE
	EndGlobalSection
	GlobalSection(ExtensibilityGlobals) = postSolution
		SolutionGuid = {BEECAD80-44A2-4A08-9E93-194862DF0547}
	EndGlobalSection
EndGlobal
